<?xml version="1.0" encoding="utf-8"?>
<Project ToolsVersion="4.0" xmlns="http://schemas.microsoft.com/developer/msbuild/2003">
  <ItemGroup>
    <Filter Include="Source Files">
      <UniqueIdentifier>{4FC737F1-C7A5-4376-A066-2A32D752A2FF}</UniqueIdentifier>
      <Extensions>cpp;c;cc;cxx;def;odl;idl;hpj;bat;asm;asmx</Extensions>
    </Filter>
    <Filter Include="Header Files">
      <UniqueIdentifier>{93995380-89BD-4b04-88EB-625FBE52EBFB}</UniqueIdentifier>
      <Extensions>h;hh;hpp;hxx;hm;inl;inc;ipp;xsd</Extensions>
    </Filter>
    <Filter Include="Resource Files">
      <UniqueIdentifier>{67DA6AB6-F800-4c08-8B7A-83BB121AAD01}</UniqueIdentifier>
      <Extensions>rc;ico;cur;bmp;dlg;rc2;rct;bin;rgs;gif;jpg;jpeg;jpe;resx;tiff;tif;png;wav;mfcribbon-ms</Extensions>
    </Filter>
  </ItemGroup>
  <ItemGroup>
    <ClCompile Include="camera.cpp">
      <Filter>Source Files</Filter>
    </ClCompile>
    <ClCompile Include="ErrorLogger.cpp">
      <Filter>Source Files</Filter>
    </ClCompile>
    <ClCompile Include="gamecode.cpp">
      <Filter>Source Files</Filter>
    </ClCompile>
    <ClCompile Include="gametimer.cpp">
      <Filter>Source Files</Filter>
    </ClCompile>
    <ClCompile Include="mydrawengine.cpp">
      <Filter>Source Files</Filter>
    </ClCompile>
    <ClCompile Include="myinputs.cpp">
      <Filter>Source Files</Filter>
    </ClCompile>
    <ClCompile Include="mysoundengine.cpp">
      <Filter>Source Files</Filter>
    </ClCompile>
    <ClCompile Include="Shapes.cpp">
      <Filter>Source Files</Filter>
    </ClCompile>
    <ClCompile Include="vector2D.cpp">
      <Filter>Source Files</Filter>
    </ClCompile>
    <ClCompile Include="wincode.cpp">
      <Filter>Source Files</Filter>
    </ClCompile>
  </ItemGroup>
  <ItemGroup>
    <ClInclude Include="camera.h">
      <Filter>Header Files</Filter>
    </ClInclude>
    <ClInclude Include="ErrorLogger.h">
      <Filter>Header Files</Filter>
    </ClInclude>
    <ClInclude Include="errortype.h">
      <Filter>Header Files</Filter>
    </ClInclude>
    <ClInclude Include="gamecode.h">
      <Filter>Header Files</Filter>
    </ClInclude>
    <ClInclude Include="gametimer.h">
      <Filter>Header Files</Filter>
    </ClInclude>
    <ClInclude Include="mydrawengine.h">
      <Filter>Header Files</Filter>
    </ClInclude>
    <ClInclude Include="myinputs.h">
      <Filter>Header Files</Filter>
    </ClInclude>
    <ClInclude Include="mysoundengine.h">
      <Filter>Header Files</Filter>
    </ClInclude>
    <ClInclude Include="objecttypes.h">
      <Filter>Header Files</Filter>
    </ClInclude>
    <ClInclude Include="Shapes.h">
      <Filter>Header Files</Filter>
    </ClInclude>
    <ClInclude Include="vector2D.h">
      <Filter>Header Files</Filter>
    </ClInclude>
  </ItemGroup>
  <ItemGroup>
    <Media Include="assets\alert.wav">
      <Filter>Resource Files</Filter>
    </Media>
    <Media Include="assets\chirp.wav">
      <Filter>Resource Files</Filter>
    </Media>
    <Media Include="assets\explosion.wav">
      <Filter>Resource Files</Filter>
    </Media>
    <Media Include="assets\explosion1.wav">
      <Filter>Resource Files</Filter>
    </Media>
    <Media Include="assets\explosion2.wav">
      <Filter>Resource Files</Filter>
    </Media>
    <Media Include="assets\explosion3.wav">
      <Filter>Resource Files</Filter>
    </Media>
    <Media Include="assets\explosion4.wav">
      <Filter>Resource Files</Filter>
    </Media>
    <Media Include="assets\explosion5.wav">
      <Filter>Resource Files</Filter>
    </Media>
    <Media Include="assets\Gun.wav">
      <Filter>Resource Files</Filter>
    </Media>
    <Media Include="assets\hiss.wav">
      <Filter>Resource Files</Filter>
    </Media>
    <Media Include="assets\Laser.wav">
      <Filter>Resource Files</Filter>
    </Media>
    <Media Include="assets\launch.wav">
      <Filter>Resource Files</Filter>
    </Media>
    <Media Include="assets\launch1.wav">
      <Filter>Resource Files</Filter>
    </Media>
    <Media Include="assets\page.wav">
      <Filter>Resource Files</Filter>
    </Media>
    <Media Include="assets\select.wav">
      <Filter>Resource Files</Filter>
    </Media>
    <Media Include="assets\servo.wav">
      <Filter>Resource Files</Filter>
    </Media>
    <Media Include="assets\servoloop.wav">
      <Filter>Resource Files</Filter>
    </Media>
    <Media Include="assets\shoot.wav">
      <Filter>Resource Files</Filter>
    </Media>
    <Media Include="assets\shot2.wav">
      <Filter>Resource Files</Filter>
    </Media>
    <Media Include="assets\shot3.wav">
      <Filter>Resource Files</Filter>
    </Media>
    <Media Include="assets\target1.wav">
      <Filter>Resource Files</Filter>
    </Media>
    <Media Include="assets\target2.wav">
      <Filter>Resource Files</Filter>
    </Media>
    <Media Include="assets\thrustloop2.wav">
      <Filter>Resource Files</Filter>
    </Media>
  </ItemGroup>
  <ItemGroup>
    <Image Include="assets\basic.bmp">
      <Filter>Resource Files</Filter>
    </Image>
    <Image Include="assets\boss.bmp">
      <Filter>Resource Files</Filter>
    </Image>
    <Image Include="assets\boss1.bmp">
      <Filter>Resource Files</Filter>
    </Image>
    <Image Include="assets\boss2.bmp">
      <Filter>Resource Files</Filter>
    </Image>
    <Image Include="assets\boss3.bmp">
      <Filter>Resource Files</Filter>
    </Image>
    <Image Include="assets\boss4.bmp">
      <Filter>Resource Files</Filter>
    </Image>
    <Image Include="assets\boss5.bmp">
      <Filter>Resource Files</Filter>
    </Image>
    <Image Include="assets\bullet.bmp">
      <Filter>Resource Files</Filter>
    </Image>
    <Image Include="assets\crate1.bmp">
      <Filter>Resource Files</Filter>
    </Image>
    <Image Include="assets\crate2.bmp">
      <Filter>Resource Files</Filter>
    </Image>
    <Image Include="assets\crosshairblue.bmp">
      <Filter>Resource Files</Filter>
    </Image>
    <Image Include="assets\crosshairred.bmp">
      <Filter>Resource Files</Filter>
    </Image>
    <Image Include="assets\enc.bmp">
      <Filter>Resource Files</Filter>
    </Image>
    <Image Include="assets\explosion1.bmp">
      <Filter>Resource Files</Filter>
    </Image>
    <Image Include="assets\explosion2.bmp">
      <Filter>Resource Files</Filter>
    </Image>
    <Image Include="assets\explosion3.bmp">
      <Filter>Resource Files</Filter>
    </Image>
    <Image Include="assets\explosion4.bmp">
      <Filter>Resource Files</Filter>
    </Image>
    <Image Include="assets\explosion5.bmp">
      <Filter>Resource Files</Filter>
    </Image>
    <Image Include="assets\explosion6.bmp">
      <Filter>Resource Files</Filter>
    </Image>
    <Image Include="assets\explosion7.bmp">
      <Filter>Resource Files</Filter>
    </Image>
    <Image Include="assets\explosion8.bmp">
      <Filter>Resource Files</Filter>
    </Image>
    <Image Include="assets\firelamp.bmp">
      <Filter>Resource Files</Filter>
    </Image>
    <Image Include="assets\harrasser.bmp">
      <Filter>Resource Files</Filter>
    </Image>
    <Image Include="assets\heavy.bmp">
      <Filter>Resource Files</Filter>
    </Image>
    <Image Include="assets\lamp.bmp">
      <Filter>Resource Files</Filter>
    </Image>
    <Image Include="assets\mine1.bmp">
      <Filter>Resource Files</Filter>
    </Image>
    <Image Include="assets\mine2.bmp">
      <Filter>Resource Files</Filter>
    </Image>
    <Image Include="assets\mine3.bmp">
      <Filter>Resource Files</Filter>
    </Image>
    <Image Include="assets\mine4.bmp">
      <Filter>Resource Files</Filter>
    </Image>
    <Image Include="assets\mine5.bmp">
      <Filter>Resource Files</Filter>
    </Image>
    <Image Include="assets\missile.bmp">
      <Filter>Resource Files</Filter>
    </Image>
    <Image Include="assets\plasma.bmp">
      <Filter>Resource Files</Filter>
    </Image>
    <Image Include="assets\puff1.bmp">
      <Filter>Resource Files</Filter>
    </Image>
    <Image Include="assets\puff2.bmp">
      <Filter>Resource Files</Filter>
    </Image>
    <Image Include="assets\puff3.bmp">
      <Filter>Resource Files</Filter>
    </Image>
    <Image Include="assets\puff4.bmp">
      <Filter>Resource Files</Filter>
    </Image>
    <Image Include="assets\puff5.bmp">
      <Filter>Resource Files</Filter>
    </Image>
    <Image Include="assets\puff6.bmp">
      <Filter>Resource Files</Filter>
    </Image>
    <Image Include="assets\puff7.bmp">
      <Filter>Resource Files</Filter>
    </Image>
    <Image Include="assets\puff8.bmp">
      <Filter>Resource Files</Filter>
    </Image>
    <Image Include="assets\rock1.bmp">
      <Filter>Resource Files</Filter>
    </Image>
    <Image Include="assets\rock2.bmp">
      <Filter>Resource Files</Filter>
    </Image>
    <Image Include="assets\rock3.bmp">
      <Filter>Resource Files</Filter>
    </Image>
    <Image Include="assets\rock4.bmp">
      <Filter>Resource Files</Filter>
    </Image>
    <Image Include="assets\spaceship.bmp">
      <Filter>Resource Files</Filter>
    </Image>
    <Image Include="assets\star.bmp">
      <Filter>Resource Files</Filter>
    </Image>
    <Image Include="assets\titan.bmp">
      <Filter>Resource Files</Filter>
    </Image>
    <Image Include="assets\turret.bmp">
      <Filter>Resource Files</Filter>
    </Image>
    <Image Include="spaceship.bmp">
      <Filter>Resource Files</Filter>
    </Image>
  </ItemGroup>
  <ItemGroup>
    <Text Include="assets\readme.txt" />
  </ItemGroup>
</Project>